
Microsoft Visual Studio Solution File, Format Version 12.00
# Visual Studio Version 16
VisualStudioVersion = 16.0.30907.101
MinimumVisualStudioVersion = 10.0.40219.1
Project("{9A19103F-16F7-4668-BE54-9A1E7A4F7556}") = "Business", "Business\Business.csproj", "{50F4B54C-1C74-429F-AF31-95EC8EB70F30}"
EndProject
Project("{9A19103F-16F7-4668-BE54-9A1E7A4F7556}") = "Entities", "Entities\Entities.csproj", "{EDA0BAFA-62AE-4460-A95A-6CB6453D6299}"
EndProject
Project("{9A19103F-16F7-4668-BE54-9A1E7A4F7556}") = "DataAccess", "DataAccess\DataAccess.csproj", "{710CA605-2CB9-48D4-BCA2-CB3C96BA3FC2}"
EndProject
Project("{9A19103F-16F7-4668-BE54-9A1E7A4F7556}") = "ConsoleUI", "ConsoleUI\ConsoleUI.csproj", "{3FF060B0-852F-4013-9E39-6912483618D5}"
EndProject
Project("{9A19103F-16F7-4668-BE54-9A1E7A4F7556}") = "Core", "Core\Core.csproj", "{1BBB93A4-5FEB-4FEA-A285-A34BCAE9F29A}"
EndProject
Project("{FAE04EC0-301F-11D3-BF4B-00C04F79EFBC}") = "WebAPI", "WebAPI\WebAPI.csproj", "{5209B3DA-A999-4114-BE92-CD080C869B7D}"
EndProject
Global
	GlobalSection(SolutionConfigurationPlatforms) = preSolution
		Debug|Any CPU = Debug|Any CPU
		Release|Any CPU = Release|Any CPU
	EndGlobalSection
	GlobalSection(ProjectConfigurationPlatforms) = postSolution
		{50F4B54C-1C74-429F-AF31-95EC8EB70F30}.Debug|Any CPU.ActiveCfg = Debug|Any CPU
		{50F4B54C-1C74-429F-AF31-95EC8EB70F30}.Debug|Any CPU.Build.0 = Debug|Any CPU
		{50F4B54C-1C74-429F-AF31-95EC8EB70F30}.Release|Any CPU.ActiveCfg = Release|Any CPU
		{50F4B54C-1C74-429F-AF31-95EC8EB70F30}.Release|Any CPU.Build.0 = Release|Any CPU
		{EDA0BAFA-62AE-4460-A95A-6CB6453D6299}.Debug|Any CPU.ActiveCfg = Debug|Any CPU
		{EDA0BAFA-62AE-4460-A95A-6CB6453D6299}.Debug|Any CPU.Build.0 = Debug|Any CPU
		{EDA0BAFA-62AE-4460-A95A-6CB6453D6299}.Release|Any CPU.ActiveCfg = Release|Any CPU
		{EDA0BAFA-62AE-4460-A95A-6CB6453D6299}.Release|Any CPU.Build.0 = Release|Any CPU
		{710CA605-2CB9-48D4-BCA2-CB3C96BA3FC2}.Debug|Any CPU.ActiveCfg = Debug|Any CPU
		{710CA605-2CB9-48D4-BCA2-CB3C96BA3FC2}.Debug|Any CPU.Build.0 = Debug|Any CPU
		{710CA605-2CB9-48D4-BCA2-CB3C96BA3FC2}.Release|Any CPU.ActiveCfg = Release|Any CPU
		{710CA605-2CB9-48D4-BCA2-CB3C96BA3FC2}.Release|Any CPU.Build.0 = Release|Any CPU
		{3FF060B0-852F-4013-9E39-6912483618D5}.Debug|Any CPU.ActiveCfg = Debug|Any CPU
		{3FF060B0-852F-4013-9E39-6912483618D5}.Debug|Any CPU.Build.0 = Debug|Any CPU
		{3FF060B0-852F-4013-9E39-6912483618D5}.Release|Any CPU.ActiveCfg = Release|Any CPU
		{3FF060B0-852F-4013-9E39-6912483618D5}.Release|Any CPU.Build.0 = Release|Any CPU
		{1BBB93A4-5FEB-4FEA-A285-A34BCAE9F29A}.Debug|Any CPU.ActiveCfg = Debug|Any CPU
		{1BBB93A4-5FEB-4FEA-A285-A34BCAE9F29A}.Debug|Any CPU.Build.0 = Debug|Any CPU
		{1BBB93A4-5FEB-4FEA-A285-A34BCAE9F29A}.Release|Any CPU.ActiveCfg = Release|Any CPU
		{1BBB93A4-5FEB-4FEA-A285-A34BCAE9F29A}.Release|Any CPU.Build.0 = Release|Any CPU
		{5209B3DA-A999-4114-BE92-CD080C869B7D}.Debug|Any CPU.ActiveCfg = Debug|Any CPU
		{5209B3DA-A999-4114-BE92-CD080C869B7D}.Debug|Any CPU.Build.0 = Debug|Any CPU
		{5209B3DA-A999-4114-BE92-CD080C869B7D}.Release|Any CPU.ActiveCfg = Release|Any CPU
		{5209B3DA-A999-4114-BE92-CD080C869B7D}.Release|Any CPU.Build.0 = Release|Any CPU
	EndGlobalSection
	GlobalSection(SolutionProperties) = preSolution
		HideSolutionNode = FALSE
	EndGlobalSection
	GlobalSection(ExtensibilityGlobals) = postSolution
		SolutionGuid = {28905543-2273-4419-9603-530E71D1C4DE}
	EndGlobalSection
EndGlobal
